
Microsoft Visual Studio Solution File, Format Version 12.00
# Visual Studio Version 16
VisualStudioVersion = 16.0.30204.135
MinimumVisualStudioVersion = 10.0.40219.1
Project("{FAE04EC0-301F-11D3-BF4B-00C04F79EFBC}") = "CurrencyConverter", "CurrencyConverter\CurrencyConverter.csproj", "{AEEFB510-2480-48BF-8D44-92D8E0879A67}"
EndProject
Project("{FAE04EC0-301F-11D3-BF4B-00C04F79EFBC}") = "CurrencyConverter.Tests", "CurrencyConverter.Tests\CurrencyConverter.Tests.csproj", "{85901190-DCAB-4F20-9058-A89E2CA215D7}"
EndProject
Global
	GlobalSection(SolutionConfigurationPlatforms) = preSolution
		Debug|Any CPU = Debug|Any CPU
		Release|Any CPU = Release|Any CPU
	EndGlobalSection
	GlobalSection(ProjectConfigurationPlatforms) = postSolution
		{AEEFB510-2480-48BF-8D44-92D8E0879A67}.Debug|Any CPU.ActiveCfg = Debug|Any CPU
		{AEEFB510-2480-48BF-8D44-92D8E0879A67}.Debug|Any CPU.Build.0 = Debug|Any CPU
		{AEEFB510-2480-48BF-8D44-92D8E0879A67}.Release|Any CPU.ActiveCfg = Release|Any CPU
		{AEEFB510-2480-48BF-8D44-92D8E0879A67}.Release|Any CPU.Build.0 = Release|Any CPU
		{85901190-DCAB-4F20-9058-A89E2CA215D7}.Debug|Any CPU.ActiveCfg = Debug|Any CPU
		{85901190-DCAB-4F20-9058-A89E2CA215D7}.Debug|Any CPU.Build.0 = Debug|Any CPU
		{85901190-DCAB-4F20-9058-A89E2CA215D7}.Release|Any CPU.ActiveCfg = Release|Any CPU
		{85901190-DCAB-4F20-9058-A89E2CA215D7}.Release|Any CPU.Build.0 = Release|Any CPU
	EndGlobalSection
	GlobalSection(SolutionProperties) = preSolution
		HideSolutionNode = FALSE
	EndGlobalSection
	GlobalSection(ExtensibilityGlobals) = postSolution
		SolutionGuid = {87CBDF59-F7EE-49D8-8181-D86F5218989D}
	EndGlobalSection
EndGlobal
